
Microsoft Visual Studio Solution File, Format Version 12.00
# Visual Studio Version 17
VisualStudioVersion = 17.10.35013.160
MinimumVisualStudioVersion = 10.0.40219.1
Project("{FAE04EC0-301F-11D3-BF4B-00C04F79EFBC}") = "WpfApp3", "WpfApp3\WpfApp3.csproj", "{DFEE4A24-6D31-4634-A2D7-FC1A7072B455}"
EndProject
Global
	GlobalSection(SolutionConfigurationPlatforms) = preSolution
		Debug|Any CPU = Debug|Any CPU
		Release|Any CPU = Release|Any CPU
	EndGlobalSection
	GlobalSection(ProjectConfigurationPlatforms) = postSolution
		{DFEE4A24-6D31-4634-A2D7-FC1A7072B455}.Debug|Any CPU.ActiveCfg = Debug|Any CPU
		{DFEE4A24-6D31-4634-A2D7-FC1A7072B455}.Debug|Any CPU.Build.0 = Debug|Any CPU
		{DFEE4A24-6D31-4634-A2D7-FC1A7072B455}.Release|Any CPU.ActiveCfg = Release|Any CPU
		{DFEE4A24-6D31-4634-A2D7-FC1A7072B455}.Release|Any CPU.Build.0 = Release|Any CPU
	EndGlobalSection
	GlobalSection(SolutionProperties) = preSolution
		HideSolutionNode = FALSE
	EndGlobalSection
	GlobalSection(ExtensibilityGlobals) = postSolution
		SolutionGuid = {AE80EF46-B053-4717-BBF8-49AAAC516B9A}
	EndGlobalSection
EndGlobal
